
Microsoft Visual Studio Solution File, Format Version 12.00
# Visual Studio Version 16
VisualStudioVersion = 16.0.30804.86
MinimumVisualStudioVersion = 10.0.40219.1
Project("{FAE04EC0-301F-11D3-BF4B-00C04F79EFBC}") = "sinhvien", "sinhvien\sinhvien.csproj", "{46FF435F-5735-4BE5-BA26-F7F3F7C3FBA4}"
EndProject
Global
	GlobalSection(SolutionConfigurationPlatforms) = preSolution
		Debug|Any CPU = Debug|Any CPU
		Release|Any CPU = Release|Any CPU
	EndGlobalSection
	GlobalSection(ProjectConfigurationPlatforms) = postSolution
		{46FF435F-5735-4BE5-BA26-F7F3F7C3FBA4}.Debug|Any CPU.ActiveCfg = Debug|Any CPU
		{46FF435F-5735-4BE5-BA26-F7F3F7C3FBA4}.Debug|Any CPU.Build.0 = Debug|Any CPU
		{46FF435F-5735-4BE5-BA26-F7F3F7C3FBA4}.Release|Any CPU.ActiveCfg = Release|Any CPU
		{46FF435F-5735-4BE5-BA26-F7F3F7C3FBA4}.Release|Any CPU.Build.0 = Release|Any CPU
	EndGlobalSection
	GlobalSection(SolutionProperties) = preSolution
		HideSolutionNode = FALSE
	EndGlobalSection
	GlobalSection(ExtensibilityGlobals) = postSolution
		SolutionGuid = {B0463ABF-4C4E-431A-93F0-B826FF708E80}
	EndGlobalSection
EndGlobal
